PODS:
  - BoringSSL (8.2):
    - BoringSSL/Implementation (= 8.2)
    - BoringSSL/Interface (= 8.2)
  - BoringSSL/Implementation (8.2):
    - BoringSSL/Interface (= 8.2)
  - BoringSSL/Interface (8.2)
  - Firebase/Auth (4.1.0):
    - Firebase/Core
    - FirebaseAuth (= 4.1.0)
  - Firebase/Core (4.1.0):
    - FirebaseAnalytics (= 4.0.3)
    - FirebaseCore (= 4.0.5)
  - FirebaseAnalytics (4.0.3):
    - FirebaseCore (~> 4.0)
    - FirebaseInstanceID (~> 2.0)
    - GoogleToolboxForMac/NSData+zlib (~> 2.1)
    - nanopb (~> 0.3)
  - FirebaseAuth (4.1.0):
    - FirebaseAnalytics (~> 4.0)
    - GoogleToolboxForMac/NSDictionary+URLArguments (~> 2.1)
    - GTMSessionFetcher/Core (~> 1.1)
  - FirebaseCore (4.0.5):
    - GoogleToolboxForMac/NSData+zlib (~> 2.1)
    - nanopb (~> 0.3)
  - FirebaseInstanceID (2.0.0):
    - FirebaseCore (~> 4.0)
  - FirebaseUI/Auth (4.1.1):
    - Firebase/Auth
  - FirebaseUI/Google (4.1.1):
    - FirebaseUI/Auth
    - GoogleSignIn (~> 4.0)
  - Firestore (0.6.4):
    - FirebaseAnalytics (~> 4.0)
    - FirebaseAuth (~> 4.1)
    - FirebaseCore (~> 4.0)
    - gRPC-ProtoRPC (~> 1.0)
    - leveldb-library (~> 1.18)
    - Protobuf (~> 3.1)
  - GoogleSignIn (4.0.2):
    - GoogleToolboxForMac/NSDictionary+URLArguments (~> 2.1)
    - GoogleToolboxForMac/NSString+URLArguments (~> 2.1)
    - GTMOAuth2 (~> 1.0)
    - GTMSessionFetcher/Core (~> 1.1)
  - GoogleToolboxForMac/DebugUtils (2.1.1):
    - GoogleToolboxForMac/Defines (= 2.1.1)
  - GoogleToolboxForMac/Defines (2.1.1)
  - GoogleToolboxForMac/NSData+zlib (2.1.1):
    - GoogleToolboxForMac/Defines (= 2.1.1)
  - GoogleToolboxForMac/NSDictionary+URLArguments (2.1.1):
    - GoogleToolboxForMac/DebugUtils (= 2.1.1)
    - GoogleToolboxForMac/Defines (= 2.1.1)
    - GoogleToolboxForMac/NSString+URLArguments (= 2.1.1)
  - GoogleToolboxForMac/NSString+URLArguments (2.1.1)
  - gRPC (1.4.2):
    - gRPC-Core (= 1.4.2)
    - gRPC-RxLibrary (= 1.4.2)
  - gRPC-Core (1.4.2):
    - gRPC-Core/Implementation (= 1.4.2)
    - gRPC-Core/Interface (= 1.4.2)
  - gRPC-Core/Implementation (1.4.2):
    - BoringSSL (~> 8.0)
    - gRPC-Core/Interface (= 1.4.2)
    - nanopb (~> 0.3)
  - gRPC-Core/Interface (1.4.2)
  - gRPC-ProtoRPC (1.4.2):
    - gRPC (= 1.4.2)
    - gRPC-RxLibrary (= 1.4.2)
    - Protobuf (~> 3.0)
  - gRPC-RxLibrary (1.4.2)
  - GTMOAuth2 (1.1.4):
    - GTMSessionFetcher (~> 1.1)
  - GTMSessionFetcher (1.1.11):
    - GTMSessionFetcher/Full (= 1.1.11)
  - GTMSessionFetcher/Core (1.1.11)
  - GTMSessionFetcher/Full (1.1.11):
    - GTMSessionFetcher/Core (= 1.1.11)
  - leveldb-library (1.18.3)
  - nanopb (0.3.8):
    - nanopb/decode (= 0.3.8)
    - nanopb/encode (= 0.3.8)
  - nanopb/decode (0.3.8)
  - nanopb/encode (0.3.8)
  - Protobuf (3.3.0)
  - SDWebImage (4.1.0):
    - SDWebImage/Core (= 4.1.0)
  - SDWebImage/Core (4.1.0)

DEPENDENCIES:
  - FirebaseUI/Auth
  - FirebaseUI/Google
  - Firestore (from `https://storage.googleapis.com/firebase-preview-drop/ios/firestore/0.6.4/Firestore.podspec.json`)
  - SDWebImage

EXTERNAL SOURCES:
  Firestore:
    :podspec: https://storage.googleapis.com/firebase-preview-drop/ios/firestore/0.6.4/Firestore.podspec.json

SPEC CHECKSUMS:
  BoringSSL: 4135ae556ee2b82ee85477c39ba917a3dd5424ba
  Firebase: ebebf41db7f10e0c7668b6eaaa857fbe599aa478
  FirebaseAnalytics: 76f754d37ca5b04f36856729b6af3ca0152d1069
  FirebaseAuth: 8d1d2389cf82f891048d6d50d27d044f55ae09a6
  FirebaseCore: 7d876ea97a830cbe62ba7fbbe7670c833a324ba0
  FirebaseInstanceID: 9fbf536668f4d3f0880e7438456dabd1376e294b
  FirebaseUI: 5ebebe2c096c71f20abd1d43d0388958373bdaa0
  Firestore: fd4ff741c8e35d2b5fc10241608cdefff4b775dc
  GoogleSignIn: d7ad83f13480e1f30453471d00d19b5293ac46af
  GoogleToolboxForMac: 8e329f1b599f2512c6b10676d45736bcc2cbbeb0
  gRPC: 74b57d3c8a9366e09493828e0a1d27f6d69a79fd
  gRPC-Core: 642d29e59e5490374622b0629c2dd1c4c111775c
  gRPC-ProtoRPC: 675ef3d484c06967ed2a5f5ee0e510a3756f755e
  gRPC-RxLibrary: 7a25c5c25282669a82d1783d7e8a036f53e8ef27
  GTMOAuth2: 7fc9c10f5c745f4d9850419ea88889fe3baa6b7d
  GTMSessionFetcher: 5ad62e8200fa00ed011fe5e08d27fef72c5b1429
  leveldb-library: 10fb39c39e243db4af1828441162405bbcec1404
  nanopb: 5601e6bca2dbf1ed831b519092ec110f66982ca3
  Protobuf: d582fecf68201eac3d79ed61369ef45734394b9c
  SDWebImage: 0e435c14e402a6730315a0fb79f95e68654d55a4

PODFILE CHECKSUM: 8fb4934848ce52c609cd469d664d52ecb9b54bc3

COCOAPODS: 1.2.1
